// !$*UTF8*$!
{
	archiveVersion = 1;
	classes = {
	};
	objectVersion = 50;
	objects = {

/* Begin PBXBuildFile section */
		B5D69981245A7D9D004C7E69 /* AppDelegate.swift in Sources */ = {isa = PBXBuildFile; fileRef = B5D69980245A7D9D004C7E69 /* AppDelegate.swift */; };
		B5D69985245A7D9D004C7E69 /* ViewController.swift in Sources */ = {isa = PBXBuildFile; fileRef = B5D69984245A7D9D004C7E69 /* ViewController.swift */; };
		B5D69988245A7D9D004C7E69 /* Main.storyboard in Resources */ = {isa = PBXBuildFile; fileRef = B5D69986245A7D9D004C7E69 /* Main.storyboard */; };
		B5D6998A245A7DA1004C7E69 /* Assets.xcassets in Resources */ = {isa = PBXBuildFile; fileRef = B5D69989245A7DA1004C7E69 /* Assets.xcassets */; };
		B5D6998D245A7DA1004C7E69 /* LaunchScreen.storyboard in Resources */ = {isa = PBXBuildFile; fileRef = B5D6998B245A7DA1004C7E69 /* LaunchScreen.storyboard */; };
		B5D69995245AB141004C7E69 /* Question.swift in Sources */ = {isa = PBXBuildFile; fileRef = B5D69994245AB141004C7E69 /* Question.swift */; };
		B5D699DA2463DB9F004C7E69 /* QuestionManager.swift in Sources */ = {isa = PBXBuildFile; fileRef = B5D699D92463DB9F004C7E69 /* QuestionManager.swift */; };
/* End PBXBuildFile section */

/* Begin PBXFileReference section */
		B5D6997D245A7D9D004C7E69 /* Quizer.app */ = {isa = PBXFileReference; explicitFileType = wrapper.application; includeInIndex = 0; path = Quizer.app; sourceTree = BUILT_PRODUCTS_DIR; };
		B5D69980245A7D9D004C7E69 /* AppDelegate.swift */ = {isa = PBXFileReference; lastKnownFileType = sourcecode.swift; path = AppDelegate.swift; sourceTree = "<group>"; };
		B5D69984245A7D9D004C7E69 /* ViewController.swift */ = {isa = PBXFileReference; lastKnownFileType = sourcecode.swift; path = ViewController.swift; sourceTree = "<group>"; };
		B5D69987245A7D9D004C7E69 /* Base */ = {isa = PBXFileReference; lastKnownFileType = file.storyboard; name = Base; path = Base.lproj/Main.storyboard; sourceTree = "<group>"; };
		B5D69989245A7DA1004C7E69 /* Assets.xcassets */ = {isa = PBXFileReference; lastKnownFileType = folder.assetcatalog; path = Assets.xcassets; sourceTree = "<group>"; };
		B5D6998C245A7DA1004C7E69 /* Base */ = {isa = PBXFileReference; lastKnownFileType = file.storyboard; name = Base; path = Base.lproj/LaunchScreen.storyboard; sourceTree = "<group>"; };
		B5D6998E245A7DA1004C7E69 /* Info.plist */ = {isa = PBXFileReference; lastKnownFileType = text.plist.xml; path = Info.plist; sourceTree = "<group>"; };
		B5D69994245AB141004C7E69 /* Question.swift */ = {isa = PBXFileReference; lastKnownFileType = sourcecode.swift; path = Question.swift; sourceTree = "<group>"; };
		B5D699D92463DB9F004C7E69 /* QuestionManager.swift */ = {isa = PBXFileReference; lastKnownFileType = sourcecode.swift; path = QuestionManager.swift; sourceTree = "<group>"; };
/* End PBXFileReference section */

/* Begin PBXFrameworksBuildPhase section */
		B5D6997A245A7D9D004C7E69 /* Frameworks */ = {
			isa = PBXFrameworksBuildPhase;
			buildActionMask = 2147483647;
			files = (
			);
			runOnlyForDeploymentPostprocessing = 0;
		};
/* End PBXFrameworksBuildPhase section */

/* Begin PBXGroup section */
		B5D69974245A7D9D004C7E69 = {
			isa = PBXGroup;
			children = (
				B5D6997F245A7D9D004C7E69 /* Quizer */,
				B5D6997E245A7D9D004C7E69 /* Products */,
			);
			sourceTree = "<group>";
		};
		B5D6997E245A7D9D004C7E69 /* Products */ = {
			isa = PBXGroup;
			children = (
				B5D6997D245A7D9D004C7E69 /* Quizer.app */,
			);
			name = Products;
			sourceTree = "<group>";
		};
		B5D6997F245A7D9D004C7E69 /* Quizer */ = {
			isa = PBXGroup;
			children = (
				B5D69980245A7D9D004C7E69 /* AppDelegate.swift */,
				B5D699D62463DB44004C7E69 /* Controller */,
				B5D699D72463DB55004C7E69 /* Model */,
				B5D699D82463DB64004C7E69 /* View */,
				B5D69989245A7DA1004C7E69 /* Assets.xcassets */,
				B5D6998B245A7DA1004C7E69 /* LaunchScreen.storyboard */,
				B5D6998E245A7DA1004C7E69 /* Info.plist */,
			);
			path = Quizer;
			sourceTree = "<group>";
		};
		B5D699D62463DB44004C7E69 /* Controller */ = {
			isa = PBXGroup;
			children = (
				B5D69984245A7D9D004C7E69 /* ViewController.swift */,
			);
			path = Controller;
			sourceTree = "<group>";
		};
		B5D699D72463DB55004C7E69 /* Model */ = {
			isa = PBXGroup;
			children = (
				B5D69994245AB141004C7E69 /* Question.swift */,
				B5D699D92463DB9F004C7E69 /* QuestionManager.swift */,
			);
			path = Model;
			sourceTree = "<group>";
		};
		B5D699D82463DB64004C7E69 /* View */ = {
			isa = PBXGroup;
			children = (
				B5D69986245A7D9D004C7E69 /* Main.storyboard */,
			);
			path = View;
			sourceTree = "<group>";
		};
/* End PBXGroup section */

/* Begin PBXNativeTarget section */
		B5D6997C245A7D9D004C7E69 /* Quizer */ = {
			isa = PBXNativeTarget;
			buildConfigurationList = B5D69991245A7DA1004C7E69 /* Build configuration list for PBXNativeTarget "Quizer" */;
			buildPhases = (
				B5D69979245A7D9D004C7E69 /* Sources */,
				B5D6997A245A7D9D004C7E69 /* Frameworks */,
				B5D6997B245A7D9D004C7E69 /* Resources */,
			);
			buildRules = (
			);
			dependencies = (
			);
			name = Quizer;
			productName = Quizer;
			productReference = B5D6997D245A7D9D004C7E69 /* Quizer.app */;
			productType = "com.apple.product-type.application";
		};
/* End PBXNativeTarget section */

/* Begin PBXProject section */
		B5D69975245A7D9D004C7E69 /* Project object */ = {
			isa = PBXProject;
			attributes = {
				LastSwiftUpdateCheck = 1140;
				LastUpgradeCheck = 1140;
				ORGANIZATIONNAME = irons;
				TargetAttributes = {
					B5D6997C245A7D9D004C7E69 = {
						CreatedOnToolsVersion = 11.4.1;
					};
				};
			};
			buildConfigurationList = B5D69978245A7D9D004C7E69 /* Build configuration list for PBXProject "Quizer" */;
			compatibilityVersion = "Xcode 9.3";
			developmentRegion = en;
			hasScannedForEncodings = 0;
			knownRegions = (
				en,
				Base,
			);
			mainGroup = B5D69974245A7D9D004C7E69;
			productRefGroup = B5D6997E245A7D9D004C7E69 /* Products */;
			projectDirPath = "";
			projectRoot = "";
			targets = (
				B5D6997C245A7D9D004C7E69 /* Quizer */,
			);
		};
/* End PBXProject section */

/* Begin PBXResourcesBuildPhase section */
		B5D6997B245A7D9D004C7E69 /* Resources */ = {
			isa = PBXResourcesBuildPhase;
			buildActionMask = 2147483647;
			files = (
				B5D6998D245A7DA1004C7E69 /* LaunchScreen.storyboard in Resources */,
				B5D6998A245A7DA1004C7E69 /* Assets.xcassets in Resources */,
				B5D69988245A7D9D004C7E69 /* Main.storyboard in Resources */,
			);
			runOnlyForDeploymentPostprocessing = 0;
		};
/* End PBXResourcesBuildPhase section */

/* Begin PBXSourcesBuildPhase section */
		B5D69979245A7D9D004C7E69 /* Sources */ = {
			isa = PBXSourcesBuildPhase;
			buildActionMask = 2147483647;
			files = (
				B5D69995245AB141004C7E69 /* Question.swift in Sources */,
				B5D69985245A7D9D004C7E69 /* ViewController.swift in Sources */,
				B5D69981245A7D9D004C7E69 /* AppDelegate.swift in Sources */,
				B5D699DA2463DB9F004C7E69 /* QuestionManager.swift in Sources */,
			);
			runOnlyForDeploymentPostprocessing = 0;
		};
/* End PBXSourcesBuildPhase section */

/* Begin PBXVariantGroup section */
		B5D69986245A7D9D004C7E69 /* Main.storyboard */ = {
			isa = PBXVariantGroup;
			children = (
				B5D69987245A7D9D004C7E69 /* Base */,
			);
			name = Main.storyboard;
			sourceTree = "<group>";
		};
		B5D6998B245A7DA1004C7E69 /* LaunchScreen.storyboard */ = {
			isa = PBXVariantGroup;
			children = (
				B5D6998C245A7DA1004C7E69 /* Base */,
			);
			name = LaunchScreen.storyboard;
			sourceTree = "<group>";
		};
/* End PBXVariantGroup section */

/* Begin XCBuildConfiguration section */
		B5D6998F245A7DA1004C7E69 /* Debug */ = {
			isa = XCBuildConfiguration;
			buildSettings = {
				ALWAYS_SEARCH_USER_PATHS = NO;
				CLANG_ANALYZER_NONNULL = YES;
				CLANG_ANALYZER_NUMBER_OBJECT_CONVERSION = YES_AGGRESSIVE;
				CLANG_CXX_LANGUAGE_STANDARD = "gnu++14";
				CLANG_CXX_LIBRARY = "libc++";
				CLANG_ENABLE_MODULES = YES;
				CLANG_ENABLE_OBJC_ARC = YES;
				CLANG_ENABLE_OBJC_WEAK = YES;
				CLANG_WARN_BLOCK_CAPTURE_AUTORELEASING = YES;
				CLANG_WARN_BOOL_CONVERSION = YES;
				CLANG_WARN_COMMA = YES;
				CLANG_WARN_CONSTANT_CONVERSION = YES;
				CLANG_WARN_DEPRECATED_OBJC_IMPLEMENTATIONS = YES;
				CLANG_WARN_DIRECT_OBJC_ISA_USAGE = YES_ERROR;
				CLANG_WARN_DOCUMENTATION_COMMENTS = YES;
				CLANG_WARN_EMPTY_BODY = YES;
				CLANG_WARN_ENUM_CONVERSION = YES;
				CLANG_WARN_INFINITE_RECURSION = YES;
				CLANG_WARN_INT_CONVERSION = YES;
				CLANG_WARN_NON_LITERAL_NULL_CONVERSION = YES;
				CLANG_WARN_OBJC_IMPLICIT_RETAIN_SELF = YES;
				CLANG_WARN_OBJC_LITERAL_CONVERSION = YES;
				CLANG_WARN_OBJC_ROOT_CLASS = YES_ERROR;
				CLANG_WARN_RANGE_LOOP_ANALYSIS = YES;
				CLANG_WARN_STRICT_PROTOTYPES = YES;
				CLANG_WARN_SUSPICIOUS_MOVE = YES;
				CLANG_WARN_UNGUARDED_AVAILABILITY = YES_AGGRESSIVE;
				CLANG_WARN_UNREACHABLE_CODE = YES;
				CLANG_WARN__DUPLICATE_METHOD_MATCH = YES;
				COPY_PHASE_STRIP = NO;
				DEBUG_INFORMATION_FORMAT = dwarf;
				ENABLE_STRICT_OBJC_MSGSEND = YES;
				ENABLE_TESTABILITY = YES;
				GCC_C_LANGUAGE_STANDARD = gnu11;
				GCC_DYNAMIC_NO_PIC = NO;
				GCC_NO_COMMON_BLOCKS = YES;
				GCC_OPTIMIZATION_LEVEL = 0;
				GCC_PREPROCESSOR_DEFINITIONS = (
					"DEBUG=1",
					"$(inherited)",
				);
				GCC_WARN_64_TO_32_BIT_CONVERSION = YES;
				GCC_WARN_ABOUT_RETURN_TYPE = YES_ERROR;
				GCC_WARN_UNDECLARED_SELECTOR = YES;
				GCC_WARN_UNINITIALIZED_AUTOS = YES_AGGRESSIVE;
				GCC_WARN_UNUSED_FUNCTION = YES;
				GCC_WARN_UNUSED_VARIABLE = YES;
				IPHONEOS_DEPLOYMENT_TARGET = 11.0;
				MTL_ENABLE_DEBUG_INFO = INCLUDE_SOURCE;
				MTL_FAST_MATH = YES;
				ONLY_ACTIVE_ARCH = YES;
				SDKROOT = iphoneos;
				SWIFT_ACTIVE_COMPILATION_CONDITIONS = DEBUG;
				SWIFT_OPTIMIZATION_LEVEL = "-Onone";
			};
			name = Debug;
		};
		B5D69990245A7DA1004C7E69 /* Release */ = {
			isa = XCBuildConfiguration;
			buildSettings = {
				ALWAYS_SEARCH_USER_PATHS = NO;
				CLANG_ANALYZER_NONNULL = YES;
				CLANG_ANALYZER_NUMBER_OBJECT_CONVERSION = YES_AGGRESSIVE;
				CLANG_CXX_LANGUAGE_STANDARD = "gnu++14";
				CLANG_CXX_LIBRARY = "libc++";
				CLANG_ENABLE_MODULES = YES;
				CLANG_ENABLE_OBJC_ARC = YES;
				CLANG_ENABLE_OBJC_WEAK = YES;
				CLANG_WARN_BLOCK_CAPTURE_AUTORELEASING = YES;
				CLANG_WARN_BOOL_CONVERSION = YES;
				CLANG_WARN_COMMA = YES;
				CLANG_WARN_CONSTANT_CONVERSION = YES;
				CLANG_WARN_DEPRECATED_OBJC_IMPLEMENTATIONS = YES;
				CLANG_WARN_DIRECT_OBJC_ISA_USAGE = YES_ERROR;
				CLANG_WARN_DOCUMENTATION_COMMENTS = YES;
				CLANG_WARN_EMPTY_BODY = YES;
				CLANG_WARN_ENUM_CONVERSION = YES;
				CLANG_WARN_INFINITE_RECURSION = YES;
				CLANG_WARN_INT_CONVERSION = YES;
				CLANG_WARN_NON_LITERAL_NULL_CONVERSION = YES;
				CLANG_WARN_OBJC_IMPLICIT_RETAIN_SELF = YES;
				CLANG_WARN_OBJC_LITERAL_CONVERSION = YES;
				CLANG_WARN_OBJC_ROOT_CLASS = YES_ERROR;
				CLANG_WARN_RANGE_LOOP_ANALYSIS = YES;
				CLANG_WARN_STRICT_PROTOTYPES = YES;
				CLANG_WARN_SUSPICIOUS_MOVE = YES;
				CLANG_WARN_UNGUARDED_AVAILABILITY = YES_AGGRESSIVE;
				CLANG_WARN_UNREACHABLE_CODE = YES;
				CLANG_WARN__DUPLICATE_METHOD_MATCH = YES;
				COPY_PHASE_STRIP = NO;
				DEBUG_INFORMATION_FORMAT = "dwarf-with-dsym";
				ENABLE_NS_ASSERTIONS = NO;
				ENABLE_STRICT_OBJC_MSGSEND = YES;
				GCC_C_LANGUAGE_STANDARD = gnu11;
				GCC_NO_COMMON_BLOCKS = YES;
				GCC_WARN_64_TO_32_BIT_CONVERSION = YES;
				GCC_WARN_ABOUT_RETURN_TYPE = YES_ERROR;
				GCC_WARN_UNDECLARED_SELECTOR = YES;
				GCC_WARN_UNINITIALIZED_AUTOS = YES_AGGRESSIVE;
				GCC_WARN_UNUSED_FUNCTION = YES;
				GCC_WARN_UNUSED_VARIABLE = YES;
				IPHONEOS_DEPLOYMENT_TARGET = 11.0;
				MTL_ENABLE_DEBUG_INFO = NO;
				MTL_FAST_MATH = YES;
				SDKROOT = iphoneos;
				SWIFT_COMPILATION_MODE = wholemodule;
				SWIFT_OPTIMIZATION_LEVEL = "-O";
				VALIDATE_PRODUCT = YES;
			};
			name = Release;
		};
		B5D69992245A7DA1004C7E69 /* Debug */ = {
			isa = XCBuildConfiguration;
			buildSettings = {
				ASSETCATALOG_COMPILER_APPICON_NAME = AppIcon;
				CODE_SIGN_STYLE = Automatic;
				DEVELOPMENT_TEAM = T6VV6T753H;
				INFOPLIST_FILE = Quizer/Info.plist;
				INFOPLIST_KEY_UIMainStoryboardFile = "";
				LD_RUNPATH_SEARCH_PATHS = (
					"$(inherited)",
					"@executable_path/Frameworks",
				);
				PRODUCT_BUNDLE_IDENTIFIER = phil.Quizer;
				PRODUCT_NAME = "$(TARGET_NAME)";
				SWIFT_VERSION = 5.0;
				TARGETED_DEVICE_FAMILY = "1,2";
			};
			name = Debug;
		};
		B5D69993245A7DA1004C7E69 /* Release */ = {
			isa = XCBuildConfiguration;
			buildSettings = {
				ASSETCATALOG_COMPILER_APPICON_NAME = AppIcon;
				CODE_SIGN_STYLE = Automatic;
				DEVELOPMENT_TEAM = T6VV6T753H;
				INFOPLIST_FILE = Quizer/Info.plist;
				INFOPLIST_KEY_UIMainStoryboardFile = "";
				LD_RUNPATH_SEARCH_PATHS = (
					"$(inherited)",
					"@executable_path/Frameworks",
				);
				PRODUCT_BUNDLE_IDENTIFIER = phil.Quizer;
				PRODUCT_NAME = "$(TARGET_NAME)";
				SWIFT_VERSION = 5.0;
				TARGETED_DEVICE_FAMILY = "1,2";
			};
			name = Release;
		};
/* End XCBuildConfiguration section */

/* Begin XCConfigurationList section */
		B5D69978245A7D9D004C7E69 /* Build configuration list for PBXProject "Quizer" */ = {
			isa = XCConfigurationList;
			buildConfigurations = (
				B5D6998F245A7DA1004C7E69 /* Debug */,
				B5D69990245A7DA1004C7E69 /* Release */,
			);
			defaultConfigurationIsVisible = 0;
			defaultConfigurationName = Release;
		};
		B5D69991245A7DA1004C7E69 /* Build configuration list for PBXNativeTarget "Quizer" */ = {
			isa = XCConfigurationList;
			buildConfigurations = (
				B5D69992245A7DA1004C7E69 /* Debug */,
				B5D69993245A7DA1004C7E69 /* Release */,
			);
			defaultConfigurationIsVisible = 0;
			defaultConfigurationName = Release;
		};
/* End XCConfigurationList section */
	};
	rootObject = B5D69975245A7D9D004C7E69 /* Project object */;
}
